Microsoft Visual Studio Solution File, Format Version 12.00
# Visual Studio Version 17
VisualStudioVersion = 17.5.2.0
MinimumVisualStudioVersion = 10.0.40219.1
Project("{FAE04EC0-301F-11D3-BF4B-00C04F79EFBC}") = "Dot Net Practice", "Dot Net Practice.csproj", "{0284F3AE-7F2C-1CF0-E759-D71A809D302E}"
EndProject
Global
	GlobalSection(SolutionConfigurationPlatforms) = preSolution
		Debug|Any CPU = Debug|Any CPU
		Release|Any CPU = Release|Any CPU
	EndGlobalSection
	GlobalSection(ProjectConfigurationPlatforms) = postSolution
		{0284F3AE-7F2C-1CF0-E759-D71A809D302E}.Debug|Any CPU.ActiveCfg = Debug|Any CPU
		{0284F3AE-7F2C-1CF0-E759-D71A809D302E}.Debug|Any CPU.Build.0 = Debug|Any CPU
		{0284F3AE-7F2C-1CF0-E759-D71A809D302E}.Release|Any CPU.ActiveCfg = Release|Any CPU
		{0284F3AE-7F2C-1CF0-E759-D71A809D302E}.Release|Any CPU.Build.0 = Release|Any CPU
	EndGlobalSection
	GlobalSection(SolutionProperties) = preSolution
		HideSolutionNode = FALSE
	EndGlobalSection
	GlobalSection(ExtensibilityGlobals) = postSolution
		SolutionGuid = {AC23513E-3867-4877-BB33-D6D58659D32C}
	EndGlobalSection
EndGlobal
